
Microsoft Visual Studio Solution File, Format Version 12.00
# Visual Studio Version 17
VisualStudioVersion = 17.14.36908.2 d17.14
MinimumVisualStudioVersion = 10.0.40219.1
Project("{FAE04EC0-301F-11D3-BF4B-00C04F79EFBC}") = "FindLiteAI.Core", "src\FindLiteAI.Core\FindLiteAI.Core.csproj", "{7467F7B2-88D1-409F-A850-D3C010BAC63A}"
EndProject
Project("{FAE04EC0-301F-11D3-BF4B-00C04F79EFBC}") = "FindLiteAI", "src\FindLiteAI\FindLiteAI.csproj", "{887B2D11-8468-4669-B5D5-3FADB17E111C}"
EndProject
Project("{FAE04EC0-301F-11D3-BF4B-00C04F79EFBC}") = "FindLiteAI.Embeddings.Onnx", "src\FindLiteAI.Embeddings.Onnx\FindLiteAI.Embeddings.Onnx.csproj", "{8D8CBF31-C73F-4518-BCDE-B0087D96DE43}"
EndProject
Project("{FAE04EC0-301F-11D3-BF4B-00C04F79EFBC}") = "FindLiteAI.Storage.LiteDb", "src\FindLiteAI.Storage.LiteDb\FindLiteAI.Storage.LiteDb.csproj", "{E2F2E2AA-7391-46FA-A455-D7F631A31A66}"
EndProject
Project("{FAE04EC0-301F-11D3-BF4B-00C04F79EFBC}") = "FindLiteAI.Extensions.DependencyInjection", "src\FindLiteAI.Extensions.DependencyInjection\FindLiteAI.Extensions.DependencyInjection.csproj", "{45BB82AE-0000-426A-A642-EE40624EFFC5}"
EndProject
Project("{FAE04EC0-301F-11D3-BF4B-00C04F79EFBC}") = "FindLiteAI.AspNetCore", "src\FindLiteAI.AspNetCore\FindLiteAI.AspNetCore.csproj", "{88B39056-950C-4736-BABC-3DA83E5FC066}"
EndProject
Project("{FAE04EC0-301F-11D3-BF4B-00C04F79EFBC}") = "FindLiteAI.Cli", "src\FindLiteAI.Cli\FindLiteAI.Cli.csproj", "{0231CBF7-7A8A-41A6-A697-C31802CA20B4}"
EndProject
Project("{FAE04EC0-301F-11D3-BF4B-00C04F79EFBC}") = "FindLiteAI.Sample.Console", "samples\FindLiteAI.Sample.Console\FindLiteAI.Sample.Console.csproj", "{A1077AAF-635C-4B4E-8007-79542AAE3A95}"
EndProject
Project("{FAE04EC0-301F-11D3-BF4B-00C04F79EFBC}") = "FindLiteAI.Sample.AspNetCore", "samples\FindLiteAI.Sample.AspNetCore\FindLiteAI.Sample.AspNetCore.csproj", "{6F1C5ED7-5570-40F4-837F-E1106ED04EB7}"
EndProject
Project("{FAE04EC0-301F-11D3-BF4B-00C04F79EFBC}") = "FindLiteAI.Sample.WorkerService", "samples\FindLiteAI.Sample.WorkerService\FindLiteAI.Sample.WorkerService.csproj", "{397366A6-8C90-4BF5-BF81-A6778FEECC03}"
EndProject
Project("{FAE04EC0-301F-11D3-BF4B-00C04F79EFBC}") = "FindLiteAI.Sample.Wpf", "samples\FindLiteAI.Sample.Wpf\FindLiteAI.Sample.Wpf.csproj", "{A0ACAC01-88F1-4147-800A-5D67569573BD}"
EndProject
Project("{FAE04EC0-301F-11D3-BF4B-00C04F79EFBC}") = "FindLiteAI.Tests.Core", "tests\FindLiteAI.Tests.Core\FindLiteAI.Tests.Core.csproj", "{00B9EAF9-6374-4846-B93F-088D19840AEC}"
EndProject
Project("{FAE04EC0-301F-11D3-BF4B-00C04F79EFBC}") = "FindLiteAI.Tests.Integration", "tests\FindLiteAI.Tests.Integration\FindLiteAI.Tests.Integration.csproj", "{4AAB0E06-F53C-48EB-B8F6-5D99FB082E64}"
EndProject
Project("{FAE04EC0-301F-11D3-BF4B-00C04F79EFBC}") = "FindLiteAI.Tests.AspNetCore", "tests\FindLiteAI.Tests.AspNetCore\FindLiteAI.Tests.AspNetCore.csproj", "{6345908D-B9B8-4B03-9B6D-4790D8550D56}"
EndProject
Project("{2150E333-8FDC-42A3-9474-1A3956D46DE8}") = "src", "src", "{02EA681E-C7D8-13C7-8484-4AC65E1B71E8}"
EndProject
Project("{2150E333-8FDC-42A3-9474-1A3956D46DE8}") = "samples", "samples", "{27261836-F404-49AC-9CE3-D34733D6C50F}"
EndProject
Project("{2150E333-8FDC-42A3-9474-1A3956D46DE8}") = "tests", "tests", "{FE2F1EE4-41F2-4786-9174-1A5D7E0871C6}"
EndProject
Project("{2150E333-8FDC-42A3-9474-1A3956D46DE8}") = "docs", "docs", "{16C1B49B-A146-4D96-95BF-C337B034D8C4}"
EndProject
Project("{2150E333-8FDC-42A3-9474-1A3956D46DE8}") = "tools", "tools", "{9D94E9A3-6CBF-428D-B16F-055ED8868B82}"
EndProject
Project("{2150E333-8FDC-42A3-9474-1A3956D46DE8}") = "assets", "assets", "{308407DE-C4EA-47B3-B50D-FB6789D64905}"
EndProject
Global
	GlobalSection(SolutionConfigurationPlatforms) = preSolution
		Debug|Any CPU = Debug|Any CPU
		Release|Any CPU = Release|Any CPU
	EndGlobalSection
	GlobalSection(ProjectConfigurationPlatforms) = postSolution
		{7467F7B2-88D1-409F-A850-D3C010BAC63A}.Debug|Any CPU.ActiveCfg = Debug|Any CPU
		{7467F7B2-88D1-409F-A850-D3C010BAC63A}.Debug|Any CPU.Build.0 = Debug|Any CPU
		{7467F7B2-88D1-409F-A850-D3C010BAC63A}.Release|Any CPU.ActiveCfg = Release|Any CPU
		{7467F7B2-88D1-409F-A850-D3C010BAC63A}.Release|Any CPU.Build.0 = Release|Any CPU
		{887B2D11-8468-4669-B5D5-3FADB17E111C}.Debug|Any CPU.ActiveCfg = Debug|Any CPU
		{887B2D11-8468-4669-B5D5-3FADB17E111C}.Debug|Any CPU.Build.0 = Debug|Any CPU
		{887B2D11-8468-4669-B5D5-3FADB17E111C}.Release|Any CPU.ActiveCfg = Release|Any CPU
		{887B2D11-8468-4669-B5D5-3FADB17E111C}.Release|Any CPU.Build.0 = Release|Any CPU
		{8D8CBF31-C73F-4518-BCDE-B0087D96DE43}.Debug|Any CPU.ActiveCfg = Debug|Any CPU
		{8D8CBF31-C73F-4518-BCDE-B0087D96DE43}.Debug|Any CPU.Build.0 = Debug|Any CPU
		{8D8CBF31-C73F-4518-BCDE-B0087D96DE43}.Release|Any CPU.ActiveCfg = Release|Any CPU
		{8D8CBF31-C73F-4518-BCDE-B0087D96DE43}.Release|Any CPU.Build.0 = Release|Any CPU
		{E2F2E2AA-7391-46FA-A455-D7F631A31A66}.Debug|Any CPU.ActiveCfg = Debug|Any CPU
		{E2F2E2AA-7391-46FA-A455-D7F631A31A66}.Debug|Any CPU.Build.0 = Debug|Any CPU
		{E2F2E2AA-7391-46FA-A455-D7F631A31A66}.Release|Any CPU.ActiveCfg = Release|Any CPU
		{E2F2E2AA-7391-46FA-A455-D7F631A31A66}.Release|Any CPU.Build.0 = Release|Any CPU
		{45BB82AE-0000-426A-A642-EE40624EFFC5}.Debug|Any CPU.ActiveCfg = Debug|Any CPU
		{45BB82AE-0000-426A-A642-EE40624EFFC5}.Debug|Any CPU.Build.0 = Debug|Any CPU
		{45BB82AE-0000-426A-A642-EE40624EFFC5}.Release|Any CPU.ActiveCfg = Release|Any CPU
		{45BB82AE-0000-426A-A642-EE40624EFFC5}.Release|Any CPU.Build.0 = Release|Any CPU
		{88B39056-950C-4736-BABC-3DA83E5FC066}.Debug|Any CPU.ActiveCfg = Debug|Any CPU
		{88B39056-950C-4736-BABC-3DA83E5FC066}.Debug|Any CPU.Build.0 = Debug|Any CPU
		{88B39056-950C-4736-BABC-3DA83E5FC066}.Release|Any CPU.ActiveCfg = Release|Any CPU
		{88B39056-950C-4736-BABC-3DA83E5FC066}.Release|Any CPU.Build.0 = Release|Any CPU
		{0231CBF7-7A8A-41A6-A697-C31802CA20B4}.Debug|Any CPU.ActiveCfg = Debug|Any CPU
		{0231CBF7-7A8A-41A6-A697-C31802CA20B4}.Debug|Any CPU.Build.0 = Debug|Any CPU
		{0231CBF7-7A8A-41A6-A697-C31802CA20B4}.Release|Any CPU.ActiveCfg = Release|Any CPU
		{0231CBF7-7A8A-41A6-A697-C31802CA20B4}.Release|Any CPU.Build.0 = Release|Any CPU
		{A1077AAF-635C-4B4E-8007-79542AAE3A95}.Debug|Any CPU.ActiveCfg = Debug|Any CPU
		{A1077AAF-635C-4B4E-8007-79542AAE3A95}.Debug|Any CPU.Build.0 = Debug|Any CPU
		{A1077AAF-635C-4B4E-8007-79542AAE3A95}.Release|Any CPU.ActiveCfg = Release|Any CPU
		{A1077AAF-635C-4B4E-8007-79542AAE3A95}.Release|Any CPU.Build.0 = Release|Any CPU
		{6F1C5ED7-5570-40F4-837F-E1106ED04EB7}.Debug|Any CPU.ActiveCfg = Debug|Any CPU
		{6F1C5ED7-5570-40F4-837F-E1106ED04EB7}.Debug|Any CPU.Build.0 = Debug|Any CPU
		{6F1C5ED7-5570-40F4-837F-E1106ED04EB7}.Release|Any CPU.ActiveCfg = Release|Any CPU
		{6F1C5ED7-5570-40F4-837F-E1106ED04EB7}.Release|Any CPU.Build.0 = Release|Any CPU
		{397366A6-8C90-4BF5-BF81-A6778FEECC03}.Debug|Any CPU.ActiveCfg = Debug|Any CPU
		{397366A6-8C90-4BF5-BF81-A6778FEECC03}.Debug|Any CPU.Build.0 = Debug|Any CPU
		{397366A6-8C90-4BF5-BF81-A6778FEECC03}.Release|Any CPU.ActiveCfg = Release|Any CPU
		{397366A6-8C90-4BF5-BF81-A6778FEECC03}.Release|Any CPU.Build.0 = Release|Any CPU
		{A0ACAC01-88F1-4147-800A-5D67569573BD}.Debug|Any CPU.ActiveCfg = Debug|Any CPU
		{A0ACAC01-88F1-4147-800A-5D67569573BD}.Debug|Any CPU.Build.0 = Debug|Any CPU
		{A0ACAC01-88F1-4147-800A-5D67569573BD}.Release|Any CPU.ActiveCfg = Release|Any CPU
		{A0ACAC01-88F1-4147-800A-5D67569573BD}.Release|Any CPU.Build.0 = Release|Any CPU
		{00B9EAF9-6374-4846-B93F-088D19840AEC}.Debug|Any CPU.ActiveCfg = Debug|Any CPU
		{00B9EAF9-6374-4846-B93F-088D19840AEC}.Debug|Any CPU.Build.0 = Debug|Any CPU
		{00B9EAF9-6374-4846-B93F-088D19840AEC}.Release|Any CPU.ActiveCfg = Release|Any CPU
		{00B9EAF9-6374-4846-B93F-088D19840AEC}.Release|Any CPU.Build.0 = Release|Any CPU
		{4AAB0E06-F53C-48EB-B8F6-5D99FB082E64}.Debug|Any CPU.ActiveCfg = Debug|Any CPU
		{4AAB0E06-F53C-48EB-B8F6-5D99FB082E64}.Debug|Any CPU.Build.0 = Debug|Any CPU
		{4AAB0E06-F53C-48EB-B8F6-5D99FB082E64}.Release|Any CPU.ActiveCfg = Release|Any CPU
		{4AAB0E06-F53C-48EB-B8F6-5D99FB082E64}.Release|Any CPU.Build.0 = Release|Any CPU
		{6345908D-B9B8-4B03-9B6D-4790D8550D56}.Debug|Any CPU.ActiveCfg = Debug|Any CPU
		{6345908D-B9B8-4B03-9B6D-4790D8550D56}.Debug|Any CPU.Build.0 = Debug|Any CPU
		{6345908D-B9B8-4B03-9B6D-4790D8550D56}.Release|Any CPU.ActiveCfg = Release|Any CPU
		{6345908D-B9B8-4B03-9B6D-4790D8550D56}.Release|Any CPU.Build.0 = Release|Any CPU
	EndGlobalSection
	GlobalSection(SolutionProperties) = preSolution
		HideSolutionNode = FALSE
	EndGlobalSection
	GlobalSection(NestedProjects) = preSolution
		{7467F7B2-88D1-409F-A850-D3C010BAC63A} = {02EA681E-C7D8-13C7-8484-4AC65E1B71E8}
		{887B2D11-8468-4669-B5D5-3FADB17E111C} = {02EA681E-C7D8-13C7-8484-4AC65E1B71E8}
		{8D8CBF31-C73F-4518-BCDE-B0087D96DE43} = {02EA681E-C7D8-13C7-8484-4AC65E1B71E8}
		{E2F2E2AA-7391-46FA-A455-D7F631A31A66} = {02EA681E-C7D8-13C7-8484-4AC65E1B71E8}
		{45BB82AE-0000-426A-A642-EE40624EFFC5} = {02EA681E-C7D8-13C7-8484-4AC65E1B71E8}
		{88B39056-950C-4736-BABC-3DA83E5FC066} = {02EA681E-C7D8-13C7-8484-4AC65E1B71E8}
		{0231CBF7-7A8A-41A6-A697-C31802CA20B4} = {02EA681E-C7D8-13C7-8484-4AC65E1B71E8}
		{A1077AAF-635C-4B4E-8007-79542AAE3A95} = {27261836-F404-49AC-9CE3-D34733D6C50F}
		{6F1C5ED7-5570-40F4-837F-E1106ED04EB7} = {27261836-F404-49AC-9CE3-D34733D6C50F}
		{397366A6-8C90-4BF5-BF81-A6778FEECC03} = {27261836-F404-49AC-9CE3-D34733D6C50F}
		{A0ACAC01-88F1-4147-800A-5D67569573BD} = {27261836-F404-49AC-9CE3-D34733D6C50F}
		{00B9EAF9-6374-4846-B93F-088D19840AEC} = {FE2F1EE4-41F2-4786-9174-1A5D7E0871C6}
		{4AAB0E06-F53C-48EB-B8F6-5D99FB082E64} = {FE2F1EE4-41F2-4786-9174-1A5D7E0871C6}
		{6345908D-B9B8-4B03-9B6D-4790D8550D56} = {FE2F1EE4-41F2-4786-9174-1A5D7E0871C6}
	EndGlobalSection
	GlobalSection(ExtensibilityGlobals) = postSolution
		SolutionGuid = {41B36230-CD4E-45F9-805E-17E1EEAE0215}
	EndGlobalSection
EndGlobal
